
Microsoft Visual Studio Solution File, Format Version 11.00
# Visual Studio 2010
Project("{FAE04EC0-301F-11D3-BF4B-00C04F79EFBC}") = "tragedyofthecommons", "Assembly-CSharp-firstpass.csproj", "{02A51843-E818-5EE1-E606-5B83C566E962}"
EndProject
Project("{FAE04EC0-301F-11D3-BF4B-00C04F79EFBC}") = "tragedyofthecommons", "Assembly-CSharp.csproj", "{98B41E3F-2939-3669-D985-A808B2629437}"
EndProject
Project("{FAE04EC0-301F-11D3-BF4B-00C04F79EFBC}") = "tragedyofthecommons", "Assembly-CSharp-Editor-firstpass.csproj", "{50BDE194-C8AF-9B3E-5742-CDD4D907BAD8}"
EndProject
Global
	GlobalSection(SolutionConfigurationPlatforms) = preSolution
		Debug|Any CPU = Debug|Any CPU
		Release|Any CPU = Release|Any CPU
	EndGlobalSection
	GlobalSection(ProjectConfigurationPlatforms) = postSolution
		{02A51843-E818-5EE1-E606-5B83C566E962}.Debug|Any CPU.ActiveCfg = Debug|Any CPU
		{02A51843-E818-5EE1-E606-5B83C566E962}.Debug|Any CPU.Build.0 = Debug|Any CPU
		{02A51843-E818-5EE1-E606-5B83C566E962}.Release|Any CPU.ActiveCfg = Release|Any CPU
		{02A51843-E818-5EE1-E606-5B83C566E962}.Release|Any CPU.Build.0 = Release|Any CPU
		{98B41E3F-2939-3669-D985-A808B2629437}.Debug|Any CPU.ActiveCfg = Debug|Any CPU
		{98B41E3F-2939-3669-D985-A808B2629437}.Debug|Any CPU.Build.0 = Debug|Any CPU
		{98B41E3F-2939-3669-D985-A808B2629437}.Release|Any CPU.ActiveCfg = Release|Any CPU
		{98B41E3F-2939-3669-D985-A808B2629437}.Release|Any CPU.Build.0 = Release|Any CPU
		{50BDE194-C8AF-9B3E-5742-CDD4D907BAD8}.Debug|Any CPU.ActiveCfg = Debug|Any CPU
		{50BDE194-C8AF-9B3E-5742-CDD4D907BAD8}.Debug|Any CPU.Build.0 = Debug|Any CPU
		{50BDE194-C8AF-9B3E-5742-CDD4D907BAD8}.Release|Any CPU.ActiveCfg = Release|Any CPU
		{50BDE194-C8AF-9B3E-5742-CDD4D907BAD8}.Release|Any CPU.Build.0 = Release|Any CPU
	EndGlobalSection
	GlobalSection(SolutionProperties) = preSolution
		HideSolutionNode = FALSE
	EndGlobalSection
	GlobalSection(MonoDevelopProperties) = preSolution
		StartupItem = Assembly-CSharp.csproj
	EndGlobalSection
EndGlobal
